
Microsoft Visual Studio Solution File, Format Version 12.00
# Visual Studio Version 17
VisualStudioVersion = 17.3.32929.385
MinimumVisualStudioVersion = 10.0.40219.1
Project("{FAE04EC0-301F-11D3-BF4B-00C04F79EFBC}") = "01.  Sum Seconds", "01.  Sum Seconds.csproj", "{D95B11CF-D2EC-4C4F-965C-83A8A4D1E2FA}"
EndProject
Global
	GlobalSection(SolutionConfigurationPlatforms) = preSolution
		Debug|Any CPU = Debug|Any CPU
		Release|Any CPU = Release|Any CPU
	EndGlobalSection
	GlobalSection(ProjectConfigurationPlatforms) = postSolution
		{D95B11CF-D2EC-4C4F-965C-83A8A4D1E2FA}.Debug|Any CPU.ActiveCfg = Debug|Any CPU
		{D95B11CF-D2EC-4C4F-965C-83A8A4D1E2FA}.Debug|Any CPU.Build.0 = Debug|Any CPU
		{D95B11CF-D2EC-4C4F-965C-83A8A4D1E2FA}.Release|Any CPU.ActiveCfg = Release|Any CPU
		{D95B11CF-D2EC-4C4F-965C-83A8A4D1E2FA}.Release|Any CPU.Build.0 = Release|Any CPU
	EndGlobalSection
	GlobalSection(SolutionProperties) = preSolution
		HideSolutionNode = FALSE
	EndGlobalSection
	GlobalSection(ExtensibilityGlobals) = postSolution
		SolutionGuid = {7C9C08FE-D026-4A7A-8FA1-774ADAAE8413}
	EndGlobalSection
EndGlobal
